
Microsoft Visual Studio Solution File, Format Version 12.00
# Visual Studio Version 17
VisualStudioVersion = 17.3.32825.248
MinimumVisualStudioVersion = 10.0.40219.1
Project("{FAE04EC0-301F-11D3-BF4B-00C04F79EFBC}") = "AzureFunctionsLekt6", "AzureFunctionsLekt6\AzureFunctionsLekt6.csproj", "{E874EE79-7384-417D-9C57-D7151B996D17}"
EndProject
Project("{FAE04EC0-301F-11D3-BF4B-00C04F79EFBC}") = "Device.IntelliFanLekt6", "Device.IntelliFanLekt6\Device.IntelliFanLekt6.csproj", "{DC1913EF-13BC-4F0A-8AAC-053B73F0D1D1}"
EndProject
Project("{FAE04EC0-301F-11D3-BF4B-00C04F79EFBC}") = "Shared", "Shared\Shared.csproj", "{D5BC55B2-1EF8-4204-B92D-84ED4A688517}"
EndProject
Project("{FAE04EC0-301F-11D3-BF4B-00C04F79EFBC}") = "WpfShared", "WpfShared\WpfShared.csproj", "{492B6539-F024-4C61-AD3D-F967959E2A2A}"
EndProject
Global
	GlobalSection(SolutionConfigurationPlatforms) = preSolution
		Debug|Any CPU = Debug|Any CPU
		Release|Any CPU = Release|Any CPU
	EndGlobalSection
	GlobalSection(ProjectConfigurationPlatforms) = postSolution
		{E874EE79-7384-417D-9C57-D7151B996D17}.Debug|Any CPU.ActiveCfg = Debug|Any CPU
		{E874EE79-7384-417D-9C57-D7151B996D17}.Debug|Any CPU.Build.0 = Debug|Any CPU
		{E874EE79-7384-417D-9C57-D7151B996D17}.Release|Any CPU.ActiveCfg = Release|Any CPU
		{E874EE79-7384-417D-9C57-D7151B996D17}.Release|Any CPU.Build.0 = Release|Any CPU
		{DC1913EF-13BC-4F0A-8AAC-053B73F0D1D1}.Debug|Any CPU.ActiveCfg = Debug|Any CPU
		{DC1913EF-13BC-4F0A-8AAC-053B73F0D1D1}.Debug|Any CPU.Build.0 = Debug|Any CPU
		{DC1913EF-13BC-4F0A-8AAC-053B73F0D1D1}.Release|Any CPU.ActiveCfg = Release|Any CPU
		{DC1913EF-13BC-4F0A-8AAC-053B73F0D1D1}.Release|Any CPU.Build.0 = Release|Any CPU
		{D5BC55B2-1EF8-4204-B92D-84ED4A688517}.Debug|Any CPU.ActiveCfg = Debug|Any CPU
		{D5BC55B2-1EF8-4204-B92D-84ED4A688517}.Debug|Any CPU.Build.0 = Debug|Any CPU
		{D5BC55B2-1EF8-4204-B92D-84ED4A688517}.Release|Any CPU.ActiveCfg = Release|Any CPU
		{D5BC55B2-1EF8-4204-B92D-84ED4A688517}.Release|Any CPU.Build.0 = Release|Any CPU
		{492B6539-F024-4C61-AD3D-F967959E2A2A}.Debug|Any CPU.ActiveCfg = Debug|Any CPU
		{492B6539-F024-4C61-AD3D-F967959E2A2A}.Debug|Any CPU.Build.0 = Debug|Any CPU
		{492B6539-F024-4C61-AD3D-F967959E2A2A}.Release|Any CPU.ActiveCfg = Release|Any CPU
		{492B6539-F024-4C61-AD3D-F967959E2A2A}.Release|Any CPU.Build.0 = Release|Any CPU
	EndGlobalSection
	GlobalSection(SolutionProperties) = preSolution
		HideSolutionNode = FALSE
	EndGlobalSection
	GlobalSection(ExtensibilityGlobals) = postSolution
		SolutionGuid = {29E08602-7B61-4E8C-8761-DA49DD0EE72B}
	EndGlobalSection
EndGlobal
